
Microsoft Visual Studio Solution File, Format Version 12.00
# Visual Studio Version 16
VisualStudioVersion = 16.0.30320.27
MinimumVisualStudioVersion = 10.0.40219.1
Project("{FAE04EC0-301F-11D3-BF4B-00C04F79EFBC}") = "ConsoleApp1", "ConsoleApp1\ConsoleApp1.csproj", "{F550FC86-C781-48AE-9CD6-B5F94C582D68}"
EndProject
Project("{FAE04EC0-301F-11D3-BF4B-00C04F79EFBC}") = "ConsoleApp2", "ConsoleApp2\ConsoleApp2.csproj", "{6DED3846-278A-467B-B14D-BFCCEF903B5C}"
EndProject
Project("{FAE04EC0-301F-11D3-BF4B-00C04F79EFBC}") = "ConsoleApp4", "ConsoleApp4\ConsoleApp4.csproj", "{B855ADFD-4204-4C7C-A590-074FBCCDC021}"
EndProject
Project("{FAE04EC0-301F-11D3-BF4B-00C04F79EFBC}") = "WebApplication1", "WebApplication1\WebApplication1.csproj", "{732DB605-8DB1-49C8-937B-4FE158B6B50A}"
EndProject
Project("{FAE04EC0-301F-11D3-BF4B-00C04F79EFBC}") = "ConsoleApp5", "ConsoleApp5\ConsoleApp5.csproj", "{90265771-8253-4C1D-91A0-440ABBA9D031}"
EndProject
Global
	GlobalSection(SolutionConfigurationPlatforms) = preSolution
		Debug|Any CPU = Debug|Any CPU
		Release|Any CPU = Release|Any CPU
	EndGlobalSection
	GlobalSection(ProjectConfigurationPlatforms) = postSolution
		{F550FC86-C781-48AE-9CD6-B5F94C582D68}.Debug|Any CPU.ActiveCfg = Debug|Any CPU
		{F550FC86-C781-48AE-9CD6-B5F94C582D68}.Debug|Any CPU.Build.0 = Debug|Any CPU
		{F550FC86-C781-48AE-9CD6-B5F94C582D68}.Release|Any CPU.ActiveCfg = Release|Any CPU
		{F550FC86-C781-48AE-9CD6-B5F94C582D68}.Release|Any CPU.Build.0 = Release|Any CPU
		{6DED3846-278A-467B-B14D-BFCCEF903B5C}.Debug|Any CPU.ActiveCfg = Debug|Any CPU
		{6DED3846-278A-467B-B14D-BFCCEF903B5C}.Debug|Any CPU.Build.0 = Debug|Any CPU
		{6DED3846-278A-467B-B14D-BFCCEF903B5C}.Release|Any CPU.ActiveCfg = Release|Any CPU
		{6DED3846-278A-467B-B14D-BFCCEF903B5C}.Release|Any CPU.Build.0 = Release|Any CPU
		{B855ADFD-4204-4C7C-A590-074FBCCDC021}.Debug|Any CPU.ActiveCfg = Debug|Any CPU
		{B855ADFD-4204-4C7C-A590-074FBCCDC021}.Debug|Any CPU.Build.0 = Debug|Any CPU
		{B855ADFD-4204-4C7C-A590-074FBCCDC021}.Release|Any CPU.ActiveCfg = Release|Any CPU
		{B855ADFD-4204-4C7C-A590-074FBCCDC021}.Release|Any CPU.Build.0 = Release|Any CPU
		{732DB605-8DB1-49C8-937B-4FE158B6B50A}.Debug|Any CPU.ActiveCfg = Debug|Any CPU
		{732DB605-8DB1-49C8-937B-4FE158B6B50A}.Debug|Any CPU.Build.0 = Debug|Any CPU
		{732DB605-8DB1-49C8-937B-4FE158B6B50A}.Release|Any CPU.ActiveCfg = Release|Any CPU
		{732DB605-8DB1-49C8-937B-4FE158B6B50A}.Release|Any CPU.Build.0 = Release|Any CPU
		{90265771-8253-4C1D-91A0-440ABBA9D031}.Debug|Any CPU.ActiveCfg = Debug|Any CPU
		{90265771-8253-4C1D-91A0-440ABBA9D031}.Debug|Any CPU.Build.0 = Debug|Any CPU
		{90265771-8253-4C1D-91A0-440ABBA9D031}.Release|Any CPU.ActiveCfg = Release|Any CPU
		{90265771-8253-4C1D-91A0-440ABBA9D031}.Release|Any CPU.Build.0 = Release|Any CPU
	EndGlobalSection
	GlobalSection(SolutionProperties) = preSolution
		HideSolutionNode = FALSE
	EndGlobalSection
	GlobalSection(ExtensibilityGlobals) = postSolution
		SolutionGuid = {1D9F905C-5718-49BF-9589-7B9955DAB29B}
	EndGlobalSection
EndGlobal
