
Microsoft Visual Studio Solution File, Format Version 12.00
# Visual Studio Version 16
VisualStudioVersion = 16.0.30907.101
MinimumVisualStudioVersion = 10.0.40219.1
Project("{FAE04EC0-301F-11D3-BF4B-00C04F79EFBC}") = "ConsoleApp1", "ConsoleApp1\ConsoleApp1.csproj", "{D9883618-CB03-424A-8E2E-79EEE409DDD0}"
EndProject
Project("{2150E333-8FDC-42A3-9474-1A3956D46DE8}") = "反射列子", "反射列子", "{F0764F5A-96AC-46AE-AFDE-9BFB15C8637D}"
EndProject
Project("{FAE04EC0-301F-11D3-BF4B-00C04F79EFBC}") = "StudentManger", "StudentManger\StudentManger.csproj", "{13751364-50C3-499F-8909-EE5AF8AA262E}"
EndProject
Global
	GlobalSection(SolutionConfigurationPlatforms) = preSolution
		Debug|Any CPU = Debug|Any CPU
		Release|Any CPU = Release|Any CPU
	EndGlobalSection
	GlobalSection(ProjectConfigurationPlatforms) = postSolution
		{D9883618-CB03-424A-8E2E-79EEE409DDD0}.Debug|Any CPU.ActiveCfg = Debug|Any CPU
		{D9883618-CB03-424A-8E2E-79EEE409DDD0}.Debug|Any CPU.Build.0 = Debug|Any CPU
		{D9883618-CB03-424A-8E2E-79EEE409DDD0}.Release|Any CPU.ActiveCfg = Release|Any CPU
		{D9883618-CB03-424A-8E2E-79EEE409DDD0}.Release|Any CPU.Build.0 = Release|Any CPU
		{13751364-50C3-499F-8909-EE5AF8AA262E}.Debug|Any CPU.ActiveCfg = Debug|Any CPU
		{13751364-50C3-499F-8909-EE5AF8AA262E}.Debug|Any CPU.Build.0 = Debug|Any CPU
		{13751364-50C3-499F-8909-EE5AF8AA262E}.Release|Any CPU.ActiveCfg = Release|Any CPU
		{13751364-50C3-499F-8909-EE5AF8AA262E}.Release|Any CPU.Build.0 = Release|Any CPU
	EndGlobalSection
	GlobalSection(SolutionProperties) = preSolution
		HideSolutionNode = FALSE
	EndGlobalSection
	GlobalSection(NestedProjects) = preSolution
		{13751364-50C3-499F-8909-EE5AF8AA262E} = {F0764F5A-96AC-46AE-AFDE-9BFB15C8637D}
	EndGlobalSection
	GlobalSection(ExtensibilityGlobals) = postSolution
		SolutionGuid = {28F340D6-1471-491F-B2E4-62A6902CF928}
	EndGlobalSection
EndGlobal
